{
  "name": "trpc",
  "version": "1.0.0",
  "lockfileVersion": 3,
  "requires": true,
  "packages": {
    "": {
      "name": "trpc",
      "version": "1.0.0",
      "license": "ISC",
      "dependencies": {
        "@trpc/client": "^11.12.0",
        "@trpc/server": "^11.12.0"
      },
      "devDependencies": {
        "typescript": "^5.9.3"
      }
    },
    "node_modules/@trpc/client": {
      "version": "11.12.0",
      "resolved": "https://registry.npmjs.org/@trpc/client/-/client-11.12.0.tgz",
      "integrity": "sha512-zTwFKQdE99pvNm7kXFdHo5xIQpGqpQJHtqVkT9o+i8h/0fbDOUBEEbFVICiMsNA+GiXskoaDRX2l+z6ir+Ug3w==",
      "funding": [
        "https://trpc.io/sponsor"
      ],
      "license": "MIT",
      "peerDependencies": {
        "@trpc/server": "11.12.0",
        "typescript": ">=5.7.2"
      }
    },
    "node_modules/@trpc/server": {
      "version": "11.12.0",
      "resolved": "https://registry.npmjs.org/@trpc/server/-/server-11.12.0.tgz",
      "integrity": "sha512-rpZnf5FUjNndE/AjGIy+FvEHR52iBd0u0wySqWCwXj67wraj3qCuBr5Opcf0Te/g67C/YztqceFkLoG0r4mp4Q==",
      "funding": [
        "https://trpc.io/sponsor"
      ],
      "license": "MIT",
      "peerDependencies": {
        "typescript": ">=5.7.2"
      }
    },
    "node_modules/typescript": {
      "version": "5.9.3",
      "resolved": "https://registry.npmjs.org/typescript/-/typescript-5.9.3.tgz",
      "integrity": "sha512-jl1vZzPDinLr9eUt3J/t7V6FgNEw9QjvBPdysz9KfQDD41fQrC2Y4vKQdiaUpFT4bXlb1RHhLpp8wtm6M5TgSw==",
      "license": "Apache-2.0",
      "bin": {
        "tsc": "bin/tsc",
        "tsserver": "bin/tsserver"
      },
      "engines": {
        "node": ">=14.17"
      }
    }
  }
}
